
Microsoft Visual Studio Solution File, Format Version 12.00
# Visual Studio Version 16
VisualStudioVersion = 16.0.30204.135
MinimumVisualStudioVersion = 10.0.40219.1
Project("{FAE04EC0-301F-11D3-BF4B-00C04F79EFBC}") = "Apteka", "Apteka\Apteka.csproj", "{3F515782-1B13-4782-BE3A-AD03690FA29E}"
EndProject
Global
	GlobalSection(SolutionConfigurationPlatforms) = preSolution
		Debug|Any CPU = Debug|Any CPU
		Release|Any CPU = Release|Any CPU
	EndGlobalSection
	GlobalSection(ProjectConfigurationPlatforms) = postSolution
		{3F515782-1B13-4782-BE3A-AD03690FA29E}.Debug|Any CPU.ActiveCfg = Debug|Any CPU
		{3F515782-1B13-4782-BE3A-AD03690FA29E}.Debug|Any CPU.Build.0 = Debug|Any CPU
		{3F515782-1B13-4782-BE3A-AD03690FA29E}.Release|Any CPU.ActiveCfg = Release|Any CPU
		{3F515782-1B13-4782-BE3A-AD03690FA29E}.Release|Any CPU.Build.0 = Release|Any CPU
	EndGlobalSection
	GlobalSection(SolutionProperties) = preSolution
		HideSolutionNode = FALSE
	EndGlobalSection
	GlobalSection(ExtensibilityGlobals) = postSolution
		SolutionGuid = {50BFCB22-2944-4732-AE0D-3D165190E22C}
	EndGlobalSection
EndGlobal
